
Microsoft Visual Studio Solution File, Format Version 12.00
# Visual Studio Version 17
VisualStudioVersion = 17.0.31919.166
MinimumVisualStudioVersion = 10.0.40219.1
Project("{9A19103F-16F7-4668-BE54-9A1E7A4F7556}") = "prjAllShow.Backend", "prjAllShow.Backend\prjAllShow.Backend.csproj", "{34B8CF4E-D3BE-4FE0-B055-8FD8E23FE1DA}"
EndProject
Project("{9A19103F-16F7-4668-BE54-9A1E7A4F7556}") = "prjAllShow.WebAPI", "prjAllShow.WebAPI\prjAllShow.WebAPI.csproj", "{86BDA243-1E5F-443E-942A-27BAB8E351B9}"
EndProject
Project("{FAE04EC0-301F-11D3-BF4B-00C04F79EFBC}") = "AllShowRepository", "AllShowRepository\AllShowRepository.csproj", "{8B401EE0-225B-423B-920C-B361C6ED9A65}"
EndProject
Project("{FAE04EC0-301F-11D3-BF4B-00C04F79EFBC}") = "AllShowDTO", "AllShowDTO\AllShowDTO.csproj", "{CFE627DE-5545-42A4-9B54-02295BB4C826}"
EndProject
Project("{FAE04EC0-301F-11D3-BF4B-00C04F79EFBC}") = "AllShowService", "AllShowService\AllShowService.csproj", "{79DC0202-0FB8-43B9-A270-3BA562340AFE}"
EndProject
Global
	GlobalSection(SolutionConfigurationPlatforms) = preSolution
		Debug|Any CPU = Debug|Any CPU
		Release|Any CPU = Release|Any CPU
	EndGlobalSection
	GlobalSection(ProjectConfigurationPlatforms) = postSolution
		{34B8CF4E-D3BE-4FE0-B055-8FD8E23FE1DA}.Debug|Any CPU.ActiveCfg = Debug|Any CPU
		{34B8CF4E-D3BE-4FE0-B055-8FD8E23FE1DA}.Debug|Any CPU.Build.0 = Debug|Any CPU
		{34B8CF4E-D3BE-4FE0-B055-8FD8E23FE1DA}.Release|Any CPU.ActiveCfg = Release|Any CPU
		{34B8CF4E-D3BE-4FE0-B055-8FD8E23FE1DA}.Release|Any CPU.Build.0 = Release|Any CPU
		{86BDA243-1E5F-443E-942A-27BAB8E351B9}.Debug|Any CPU.ActiveCfg = Debug|Any CPU
		{86BDA243-1E5F-443E-942A-27BAB8E351B9}.Debug|Any CPU.Build.0 = Debug|Any CPU
		{86BDA243-1E5F-443E-942A-27BAB8E351B9}.Release|Any CPU.ActiveCfg = Release|Any CPU
		{86BDA243-1E5F-443E-942A-27BAB8E351B9}.Release|Any CPU.Build.0 = Release|Any CPU
		{8B401EE0-225B-423B-920C-B361C6ED9A65}.Debug|Any CPU.ActiveCfg = Debug|Any CPU
		{8B401EE0-225B-423B-920C-B361C6ED9A65}.Debug|Any CPU.Build.0 = Debug|Any CPU
		{8B401EE0-225B-423B-920C-B361C6ED9A65}.Release|Any CPU.ActiveCfg = Release|Any CPU
		{8B401EE0-225B-423B-920C-B361C6ED9A65}.Release|Any CPU.Build.0 = Release|Any CPU
		{CFE627DE-5545-42A4-9B54-02295BB4C826}.Debug|Any CPU.ActiveCfg = Debug|Any CPU
		{CFE627DE-5545-42A4-9B54-02295BB4C826}.Debug|Any CPU.Build.0 = Debug|Any CPU
		{CFE627DE-5545-42A4-9B54-02295BB4C826}.Release|Any CPU.ActiveCfg = Release|Any CPU
		{CFE627DE-5545-42A4-9B54-02295BB4C826}.Release|Any CPU.Build.0 = Release|Any CPU
		{79DC0202-0FB8-43B9-A270-3BA562340AFE}.Debug|Any CPU.ActiveCfg = Debug|Any CPU
		{79DC0202-0FB8-43B9-A270-3BA562340AFE}.Debug|Any CPU.Build.0 = Debug|Any CPU
		{79DC0202-0FB8-43B9-A270-3BA562340AFE}.Release|Any CPU.ActiveCfg = Release|Any CPU
		{79DC0202-0FB8-43B9-A270-3BA562340AFE}.Release|Any CPU.Build.0 = Release|Any CPU
	EndGlobalSection
	GlobalSection(SolutionProperties) = preSolution
		HideSolutionNode = FALSE
	EndGlobalSection
	GlobalSection(ExtensibilityGlobals) = postSolution
		SolutionGuid = {B5CE550C-A71F-4BEA-BC16-3A6651A340D2}
	EndGlobalSection
EndGlobal
